
Microsoft Visual Studio Solution File, Format Version 12.00
# Visual Studio Version 17
VisualStudioVersion = 17.14.36511.14 d17.14
MinimumVisualStudioVersion = 10.0.40219.1
Project("{FAE04EC0-301F-11D3-BF4B-00C04F79EFBC}") = "LMC", "LMC\LMC.csproj", "{4D5ACB41-1472-49D6-BCE9-855693D13C39}"
EndProject
Global
	GlobalSection(SolutionConfigurationPlatforms) = preSolution
		Debug|Any CPU = Debug|Any CPU
		Release|Any CPU = Release|Any CPU
	EndGlobalSection
	GlobalSection(ProjectConfigurationPlatforms) = postSolution
		{4D5ACB41-1472-49D6-BCE9-855693D13C39}.Debug|Any CPU.ActiveCfg = Debug|Any CPU
		{4D5ACB41-1472-49D6-BCE9-855693D13C39}.Debug|Any CPU.Build.0 = Debug|Any CPU
		{4D5ACB41-1472-49D6-BCE9-855693D13C39}.Release|Any CPU.ActiveCfg = Release|Any CPU
		{4D5ACB41-1472-49D6-BCE9-855693D13C39}.Release|Any CPU.Build.0 = Release|Any CPU
	EndGlobalSection
	GlobalSection(SolutionProperties) = preSolution
		HideSolutionNode = FALSE
	EndGlobalSection
	GlobalSection(ExtensibilityGlobals) = postSolution
		SolutionGuid = {44307129-E229-4562-B8EA-B758FAD85A21}
	EndGlobalSection
EndGlobal
